
Microsoft Visual Studio Solution File, Format Version 12.00
# Visual Studio 15
VisualStudioVersion = 15.0.28307.489
MinimumVisualStudioVersion = 10.0.40219.1
Project("{FAE04EC0-301F-11D3-BF4B-00C04F79EFBC}") = "BTAndroidAppAutomation", "BTAndroidAppAutomation\BTAndroidAppAutomation.csproj", "{F03D533B-7F8D-42BD-B20A-161B5172A44A}"
EndProject
Global
	GlobalSection(SolutionConfigurationPlatforms) = preSolution
		Debug|Any CPU = Debug|Any CPU
		Release|Any CPU = Release|Any CPU
	EndGlobalSection
	GlobalSection(ProjectConfigurationPlatforms) = postSolution
		{F03D533B-7F8D-42BD-B20A-161B5172A44A}.Debug|Any CPU.ActiveCfg = Debug|Any CPU
		{F03D533B-7F8D-42BD-B20A-161B5172A44A}.Debug|Any CPU.Build.0 = Debug|Any CPU
		{F03D533B-7F8D-42BD-B20A-161B5172A44A}.Release|Any CPU.ActiveCfg = Release|Any CPU
		{F03D533B-7F8D-42BD-B20A-161B5172A44A}.Release|Any CPU.Build.0 = Release|Any CPU
	EndGlobalSection
	GlobalSection(SolutionProperties) = preSolution
		HideSolutionNode = FALSE
	EndGlobalSection
	GlobalSection(ExtensibilityGlobals) = postSolution
		SolutionGuid = {FF033E8F-BC72-41B6-8CE7-A7BC65F8E15F}
	EndGlobalSection
EndGlobal
